
Microsoft Visual Studio Solution File, Format Version 12.00
# Visual Studio Version 17
VisualStudioVersion = 17.7.34009.444
MinimumVisualStudioVersion = 10.0.40219.1
Project("{FAE04EC0-301F-11D3-BF4B-00C04F79EFBC}") = "TimeClock.Data", "src\TimeClock.Data\TimeClock.Data.csproj", "{3879E209-4392-4BD7-9602-DBA6A0730FDD}"
EndProject
Project("{FAE04EC0-301F-11D3-BF4B-00C04F79EFBC}") = "TimeClock.Core", "src\TimeClock.Core\TimeClock.Core.csproj", "{C43BAF6E-FA0F-4372-AA03-3ADBE0E76620}"
EndProject
Project("{FAE04EC0-301F-11D3-BF4B-00C04F79EFBC}") = "TimeCLock.API", "src\TimeCLock.API\TimeCLock.API.csproj", "{B2A5F9E8-2FBB-4325-8767-7E81E476D82F}"
EndProject
Global
	GlobalSection(SolutionConfigurationPlatforms) = preSolution
		Debug|Any CPU = Debug|Any CPU
		Release|Any CPU = Release|Any CPU
	EndGlobalSection
	GlobalSection(ProjectConfigurationPlatforms) = postSolution
		{3879E209-4392-4BD7-9602-DBA6A0730FDD}.Debug|Any CPU.ActiveCfg = Debug|Any CPU
		{3879E209-4392-4BD7-9602-DBA6A0730FDD}.Debug|Any CPU.Build.0 = Debug|Any CPU
		{3879E209-4392-4BD7-9602-DBA6A0730FDD}.Release|Any CPU.ActiveCfg = Release|Any CPU
		{3879E209-4392-4BD7-9602-DBA6A0730FDD}.Release|Any CPU.Build.0 = Release|Any CPU
		{C43BAF6E-FA0F-4372-AA03-3ADBE0E76620}.Debug|Any CPU.ActiveCfg = Debug|Any CPU
		{C43BAF6E-FA0F-4372-AA03-3ADBE0E76620}.Debug|Any CPU.Build.0 = Debug|Any CPU
		{C43BAF6E-FA0F-4372-AA03-3ADBE0E76620}.Release|Any CPU.ActiveCfg = Release|Any CPU
		{C43BAF6E-FA0F-4372-AA03-3ADBE0E76620}.Release|Any CPU.Build.0 = Release|Any CPU
		{B2A5F9E8-2FBB-4325-8767-7E81E476D82F}.Debug|Any CPU.ActiveCfg = Debug|Any CPU
		{B2A5F9E8-2FBB-4325-8767-7E81E476D82F}.Debug|Any CPU.Build.0 = Debug|Any CPU
		{B2A5F9E8-2FBB-4325-8767-7E81E476D82F}.Release|Any CPU.ActiveCfg = Release|Any CPU
		{B2A5F9E8-2FBB-4325-8767-7E81E476D82F}.Release|Any CPU.Build.0 = Release|Any CPU
	EndGlobalSection
	GlobalSection(SolutionProperties) = preSolution
		HideSolutionNode = FALSE
	EndGlobalSection
	GlobalSection(ExtensibilityGlobals) = postSolution
		SolutionGuid = {86258E0B-A870-448D-8DC6-0BF619A98681}
	EndGlobalSection
EndGlobal
